
Microsoft Visual Studio Solution File, Format Version 12.00
# Visual Studio Version 16
VisualStudioVersion = 16.0.30114.105
MinimumVisualStudioVersion = 10.0.40219.1
Project("{FAE04EC0-301F-11D3-BF4B-00C04F79EFBC}") = "Semana12", "Semana12\Semana12.csproj", "{86CDBD3D-2E2B-4BD3-89F6-0A5BAA99E944}"
EndProject
Project("{FAE04EC0-301F-11D3-BF4B-00C04F79EFBC}") = "Domain", "Domain\Domain.csproj", "{2C6545C4-9F78-4331-BD0D-B74EF5C85EB0}"
EndProject
Project("{FAE04EC0-301F-11D3-BF4B-00C04F79EFBC}") = "Infraestructure", "Infraestructure\Infraestructure.csproj", "{F18766EA-82AB-4009-86FB-11DC7F26F3EB}"
EndProject
Project("{FAE04EC0-301F-11D3-BF4B-00C04F79EFBC}") = "Service", "Service\Service.csproj", "{3F0C628B-2AF7-499B-B634-67A935A6F980}"
EndProject
Global
	GlobalSection(SolutionConfigurationPlatforms) = preSolution
		Debug|Any CPU = Debug|Any CPU
		Release|Any CPU = Release|Any CPU
	EndGlobalSection
	GlobalSection(ProjectConfigurationPlatforms) = postSolution
		{86CDBD3D-2E2B-4BD3-89F6-0A5BAA99E944}.Debug|Any CPU.ActiveCfg = Debug|Any CPU
		{86CDBD3D-2E2B-4BD3-89F6-0A5BAA99E944}.Debug|Any CPU.Build.0 = Debug|Any CPU
		{86CDBD3D-2E2B-4BD3-89F6-0A5BAA99E944}.Release|Any CPU.ActiveCfg = Release|Any CPU
		{86CDBD3D-2E2B-4BD3-89F6-0A5BAA99E944}.Release|Any CPU.Build.0 = Release|Any CPU
		{2C6545C4-9F78-4331-BD0D-B74EF5C85EB0}.Debug|Any CPU.ActiveCfg = Debug|Any CPU
		{2C6545C4-9F78-4331-BD0D-B74EF5C85EB0}.Debug|Any CPU.Build.0 = Debug|Any CPU
		{2C6545C4-9F78-4331-BD0D-B74EF5C85EB0}.Release|Any CPU.ActiveCfg = Release|Any CPU
		{2C6545C4-9F78-4331-BD0D-B74EF5C85EB0}.Release|Any CPU.Build.0 = Release|Any CPU
		{F18766EA-82AB-4009-86FB-11DC7F26F3EB}.Debug|Any CPU.ActiveCfg = Debug|Any CPU
		{F18766EA-82AB-4009-86FB-11DC7F26F3EB}.Debug|Any CPU.Build.0 = Debug|Any CPU
		{F18766EA-82AB-4009-86FB-11DC7F26F3EB}.Release|Any CPU.ActiveCfg = Release|Any CPU
		{F18766EA-82AB-4009-86FB-11DC7F26F3EB}.Release|Any CPU.Build.0 = Release|Any CPU
		{3F0C628B-2AF7-499B-B634-67A935A6F980}.Debug|Any CPU.ActiveCfg = Debug|Any CPU
		{3F0C628B-2AF7-499B-B634-67A935A6F980}.Debug|Any CPU.Build.0 = Debug|Any CPU
		{3F0C628B-2AF7-499B-B634-67A935A6F980}.Release|Any CPU.ActiveCfg = Release|Any CPU
		{3F0C628B-2AF7-499B-B634-67A935A6F980}.Release|Any CPU.Build.0 = Release|Any CPU
	EndGlobalSection
	GlobalSection(SolutionProperties) = preSolution
		HideSolutionNode = FALSE
	EndGlobalSection
	GlobalSection(ExtensibilityGlobals) = postSolution
		SolutionGuid = {9508A1CD-A41E-4CC7-8D3E-6CAD5C6DA70F}
	EndGlobalSection
EndGlobal
